
Microsoft Visual Studio Solution File, Format Version 12.00
# Visual Studio Version 16
VisualStudioVersion = 16.0.30621.155
MinimumVisualStudioVersion = 10.0.40219.1
Project("{8BC9CEB8-8B4A-11D0-8D11-00A0C91BC942}") = "CSCI3260_project", "CSCI3260_project\CSCI3260_project.vcxproj", "{D8A6ECBB-CEB7-4630-8F48-DF2AE7212B52}"
EndProject
Global
	GlobalSection(SolutionConfigurationPlatforms) = preSolution
		Debug|x64 = Debug|x64
		Debug|x86 = Debug|x86
		Release|x64 = Release|x64
		Release|x86 = Release|x86
	EndGlobalSection
	GlobalSection(ProjectConfigurationPlatforms) = postSolution
		{D8A6ECBB-CEB7-4630-8F48-DF2AE7212B52}.Debug|x64.ActiveCfg = Debug|x64
		{D8A6ECBB-CEB7-4630-8F48-DF2AE7212B52}.Debug|x64.Build.0 = Debug|x64
		{D8A6ECBB-CEB7-4630-8F48-DF2AE7212B52}.Debug|x86.ActiveCfg = Debug|Win32
		{D8A6ECBB-CEB7-4630-8F48-DF2AE7212B52}.Debug|x86.Build.0 = Debug|Win32
		{D8A6ECBB-CEB7-4630-8F48-DF2AE7212B52}.Release|x64.ActiveCfg = Release|x64
		{D8A6ECBB-CEB7-4630-8F48-DF2AE7212B52}.Release|x64.Build.0 = Release|x64
		{D8A6ECBB-CEB7-4630-8F48-DF2AE7212B52}.Release|x86.ActiveCfg = Release|Win32
		{D8A6ECBB-CEB7-4630-8F48-DF2AE7212B52}.Release|x86.Build.0 = Release|Win32
	EndGlobalSection
	GlobalSection(SolutionProperties) = preSolution
		HideSolutionNode = FALSE
	EndGlobalSection
	GlobalSection(ExtensibilityGlobals) = postSolution
		SolutionGuid = {8DFDA99F-F272-4CF2-8202-6E35E680094E}
	EndGlobalSection
EndGlobal
